
Microsoft Visual Studio Solution File, Format Version 12.00
# Visual Studio Version 17
VisualStudioVersion = 17.12.35527.113
MinimumVisualStudioVersion = 10.0.40219.1
Project("{FAE04EC0-301F-11D3-BF4B-00C04F79EFBC}") = "LeetCode.Code", "LeetCode.Code\LeetCode.Code.csproj", "{1D00DCE3-7ECE-4CDA-A7CB-EF721F9B569C}"
EndProject
Project("{FAE04EC0-301F-11D3-BF4B-00C04F79EFBC}") = "LeetCode.Test", "..\LeetCode.Test\LeetCode.Test.csproj", "{C1663BA0-E382-475A-A0D1-9D2F81220C85}"
EndProject
Project("{FAE04EC0-301F-11D3-BF4B-00C04F79EFBC}") = "ItemInCommon", "ItemInCommon\ItemInCommon.csproj", "{F073D3C0-0A33-4752-873B-39C8A9B7DE10}"
EndProject
Project("{FAE04EC0-301F-11D3-BF4B-00C04F79EFBC}") = "IsPrimeNumber", "IsPrimeNumber\IsPrimeNumber.csproj", "{12D54C8E-9A6E-407F-9445-C455079CBCCE}"
EndProject
Project("{FAE04EC0-301F-11D3-BF4B-00C04F79EFBC}") = "FindDuplicate", "FindDuplicate\FindDuplicate.csproj", "{1657BC88-AD58-4EE6-9029-1352E98C5AA1}"
EndProject
Global
	GlobalSection(SolutionConfigurationPlatforms) = preSolution
		Debug|Any CPU = Debug|Any CPU
		Release|Any CPU = Release|Any CPU
	EndGlobalSection
	GlobalSection(ProjectConfigurationPlatforms) = postSolution
		{1D00DCE3-7ECE-4CDA-A7CB-EF721F9B569C}.Debug|Any CPU.ActiveCfg = Debug|Any CPU
		{1D00DCE3-7ECE-4CDA-A7CB-EF721F9B569C}.Debug|Any CPU.Build.0 = Debug|Any CPU
		{1D00DCE3-7ECE-4CDA-A7CB-EF721F9B569C}.Release|Any CPU.ActiveCfg = Release|Any CPU
		{1D00DCE3-7ECE-4CDA-A7CB-EF721F9B569C}.Release|Any CPU.Build.0 = Release|Any CPU
		{C1663BA0-E382-475A-A0D1-9D2F81220C85}.Debug|Any CPU.ActiveCfg = Debug|Any CPU
		{C1663BA0-E382-475A-A0D1-9D2F81220C85}.Debug|Any CPU.Build.0 = Debug|Any CPU
		{C1663BA0-E382-475A-A0D1-9D2F81220C85}.Release|Any CPU.ActiveCfg = Release|Any CPU
		{C1663BA0-E382-475A-A0D1-9D2F81220C85}.Release|Any CPU.Build.0 = Release|Any CPU
		{F073D3C0-0A33-4752-873B-39C8A9B7DE10}.Debug|Any CPU.ActiveCfg = Debug|Any CPU
		{F073D3C0-0A33-4752-873B-39C8A9B7DE10}.Debug|Any CPU.Build.0 = Debug|Any CPU
		{F073D3C0-0A33-4752-873B-39C8A9B7DE10}.Release|Any CPU.ActiveCfg = Release|Any CPU
		{F073D3C0-0A33-4752-873B-39C8A9B7DE10}.Release|Any CPU.Build.0 = Release|Any CPU
		{12D54C8E-9A6E-407F-9445-C455079CBCCE}.Debug|Any CPU.ActiveCfg = Debug|Any CPU
		{12D54C8E-9A6E-407F-9445-C455079CBCCE}.Debug|Any CPU.Build.0 = Debug|Any CPU
		{12D54C8E-9A6E-407F-9445-C455079CBCCE}.Release|Any CPU.ActiveCfg = Release|Any CPU
		{12D54C8E-9A6E-407F-9445-C455079CBCCE}.Release|Any CPU.Build.0 = Release|Any CPU
		{1657BC88-AD58-4EE6-9029-1352E98C5AA1}.Debug|Any CPU.ActiveCfg = Debug|Any CPU
		{1657BC88-AD58-4EE6-9029-1352E98C5AA1}.Debug|Any CPU.Build.0 = Debug|Any CPU
		{1657BC88-AD58-4EE6-9029-1352E98C5AA1}.Release|Any CPU.ActiveCfg = Release|Any CPU
		{1657BC88-AD58-4EE6-9029-1352E98C5AA1}.Release|Any CPU.Build.0 = Release|Any CPU
	EndGlobalSection
	GlobalSection(SolutionProperties) = preSolution
		HideSolutionNode = FALSE
	EndGlobalSection
EndGlobal
